// !$*UTF8*$!
{
	archiveVersion = 1;
	classes = {
	};
	objectVersion = 56;
	objects = {

/* Begin PBXBuildFile section */
		D80547B02BFF47F00086EF19 /* ProfileViewController.swift in Sources */ = {isa = PBXBuildFile; fileRef = D80547AF2BFF47F00086EF19 /* ProfileViewController.swift */; };
		D8C3DF352BF9EAFE004BEE85 /* AppDelegate.swift in Sources */ = {isa = PBXBuildFile; fileRef = D8C3DF342BF9EAFE004BEE85 /* AppDelegate.swift */; };
		D8C3DF372BF9EAFE004BEE85 /* SceneDelegate.swift in Sources */ = {isa = PBXBuildFile; fileRef = D8C3DF362BF9EAFE004BEE85 /* SceneDelegate.swift */; };
		D8C3DF392BF9EAFE004BEE85 /* MainTabbarViewController.swift in Sources */ = {isa = PBXBuildFile; fileRef = D8C3DF382BF9EAFE004BEE85 /* MainTabbarViewController.swift */; };
		D8C3DF3E2BF9EAFF004BEE85 /* Assets.xcassets in Resources */ = {isa = PBXBuildFile; fileRef = D8C3DF3D2BF9EAFF004BEE85 /* Assets.xcassets */; };
		D8C3DF412BF9EAFF004BEE85 /* Base in Resources */ = {isa = PBXBuildFile; fileRef = D8C3DF402BF9EAFF004BEE85 /* Base */; };
		D8C3DF4C2BF9EAFF004BEE85 /* TwitterCloneTests.swift in Sources */ = {isa = PBXBuildFile; fileRef = D8C3DF4B2BF9EAFF004BEE85 /* TwitterCloneTests.swift */; };
		D8C3DF562BF9EAFF004BEE85 /* TwitterCloneUITests.swift in Sources */ = {isa = PBXBuildFile; fileRef = D8C3DF552BF9EAFF004BEE85 /* TwitterCloneUITests.swift */; };
		D8C3DF582BF9EAFF004BEE85 /* TwitterCloneUITestsLaunchTests.swift in Sources */ = {isa = PBXBuildFile; fileRef = D8C3DF572BF9EAFF004BEE85 /* TwitterCloneUITestsLaunchTests.swift */; };
		D8C3DF672BFA3EFE004BEE85 /* HomeViewController.swift in Sources */ = {isa = PBXBuildFile; fileRef = D8C3DF662BFA3EFE004BEE85 /* HomeViewController.swift */; };
		D8C3DF692BFA3F10004BEE85 /* SearchViewController.swift in Sources */ = {isa = PBXBuildFile; fileRef = D8C3DF682BFA3F10004BEE85 /* SearchViewController.swift */; };
		D8C3DF6B2BFA3F1F004BEE85 /* NotificationsViewController.swift in Sources */ = {isa = PBXBuildFile; fileRef = D8C3DF6A2BFA3F1F004BEE85 /* NotificationsViewController.swift */; };
		D8C3DF6D2BFA3F2D004BEE85 /* DirectMessagesViewController.swift in Sources */ = {isa = PBXBuildFile; fileRef = D8C3DF6C2BFA3F2D004BEE85 /* DirectMessagesViewController.swift */; };
		D8C874E52BFB7C3D00B2FE04 /* TweetTableViewCell.swift in Sources */ = {isa = PBXBuildFile; fileRef = D8C874E42BFB7C3D00B2FE04 /* TweetTableViewCell.swift */; };
/* End PBXBuildFile section */

/* Begin PBXContainerItemProxy section */
		D8C3DF482BF9EAFF004BEE85 /* PBXContainerItemProxy */ = {
			isa = PBXContainerItemProxy;
			containerPortal = D8C3DF292BF9EAFE004BEE85 /* Project object */;
			proxyType = 1;
			remoteGlobalIDString = D8C3DF302BF9EAFE004BEE85;
			remoteInfo = TwitterClone;
		};
		D8C3DF522BF9EAFF004BEE85 /* PBXContainerItemProxy */ = {
			isa = PBXContainerItemProxy;
			containerPortal = D8C3DF292BF9EAFE004BEE85 /* Project object */;
			proxyType = 1;
			remoteGlobalIDString = D8C3DF302BF9EAFE004BEE85;
			remoteInfo = TwitterClone;
		};
/* End PBXContainerItemProxy section */

/* Begin PBXFileReference section */
		D80547AF2BFF47F00086EF19 /* ProfileViewController.swift */ = {isa = PBXFileReference; lastKnownFileType = sourcecode.swift; path = ProfileViewController.swift; sourceTree = "<group>"; };
		D8C3DF312BF9EAFE004BEE85 /* TwitterClone.app */ = {isa = PBXFileReference; explicitFileType = wrapper.application; includeInIndex = 0; path = TwitterClone.app; sourceTree = BUILT_PRODUCTS_DIR; };
		D8C3DF342BF9EAFE004BEE85 /* AppDelegate.swift */ = {isa = PBXFileReference; lastKnownFileType = sourcecode.swift; path = AppDelegate.swift; sourceTree = "<group>"; };
		D8C3DF362BF9EAFE004BEE85 /* SceneDelegate.swift */ = {isa = PBXFileReference; lastKnownFileType = sourcecode.swift; path = SceneDelegate.swift; sourceTree = "<group>"; };
		D8C3DF382BF9EAFE004BEE85 /* MainTabbarViewController.swift */ = {isa = PBXFileReference; lastKnownFileType = sourcecode.swift; path = MainTabbarViewController.swift; sourceTree = "<group>"; };
		D8C3DF3D2BF9EAFF004BEE85 /* Assets.xcassets */ = {isa = PBXFileReference; lastKnownFileType = folder.assetcatalog; path = Assets.xcassets; sourceTree = "<group>"; };
		D8C3DF402BF9EAFF004BEE85 /* Base */ = {isa = PBXFileReference; lastKnownFileType = file.storyboard; name = Base; path = Base.lproj/LaunchScreen.storyboard; sourceTree = "<group>"; };
		D8C3DF422BF9EAFF004BEE85 /* Info.plist */ = {isa = PBXFileReference; lastKnownFileType = text.plist.xml; path = Info.plist; sourceTree = "<group>"; };
		D8C3DF472BF9EAFF004BEE85 /* TwitterCloneTests.xctest */ = {isa = PBXFileReference; explicitFileType = wrapper.cfbundle; includeInIndex = 0; path = TwitterCloneTests.xctest; sourceTree = BUILT_PRODUCTS_DIR; };
		D8C3DF4B2BF9EAFF004BEE85 /* TwitterCloneTests.swift */ = {isa = PBXFileReference; lastKnownFileType = sourcecode.swift; path = TwitterCloneTests.swift; sourceTree = "<group>"; };
		D8C3DF512BF9EAFF004BEE85 /* TwitterCloneUITests.xctest */ = {isa = PBXFileReference; explicitFileType = wrapper.cfbundle; includeInIndex = 0; path = TwitterCloneUITests.xctest; sourceTree = BUILT_PRODUCTS_DIR; };
		D8C3DF552BF9EAFF004BEE85 /* TwitterCloneUITests.swift */ = {isa = PBXFileReference; lastKnownFileType = sourcecode.swift; path = TwitterCloneUITests.swift; sourceTree = "<group>"; };
		D8C3DF572BF9EAFF004BEE85 /* TwitterCloneUITestsLaunchTests.swift */ = {isa = PBXFileReference; lastKnownFileType = sourcecode.swift; path = TwitterCloneUITestsLaunchTests.swift; sourceTree = "<group>"; };
		D8C3DF662BFA3EFE004BEE85 /* HomeViewController.swift */ = {isa = PBXFileReference; lastKnownFileType = sourcecode.swift; path = HomeViewController.swift; sourceTree = "<group>"; };
		D8C3DF682BFA3F10004BEE85 /* SearchViewController.swift */ = {isa = PBXFileReference; lastKnownFileType = sourcecode.swift; path = SearchViewController.swift; sourceTree = "<group>"; };
		D8C3DF6A2BFA3F1F004BEE85 /* NotificationsViewController.swift */ = {isa = PBXFileReference; lastKnownFileType = sourcecode.swift; path = NotificationsViewController.swift; sourceTree = "<group>"; };
		D8C3DF6C2BFA3F2D004BEE85 /* DirectMessagesViewController.swift */ = {isa = PBXFileReference; lastKnownFileType = sourcecode.swift; path = DirectMessagesViewController.swift; sourceTree = "<group>"; };
		D8C874E42BFB7C3D00B2FE04 /* TweetTableViewCell.swift */ = {isa = PBXFileReference; lastKnownFileType = sourcecode.swift; path = TweetTableViewCell.swift; sourceTree = "<group>"; };
/* End PBXFileReference section */

/* Begin PBXFrameworksBuildPhase section */
		D8C3DF2E2BF9EAFE004BEE85 /* Frameworks */ = {
			isa = PBXFrameworksBuildPhase;
			buildActionMask = 2147483647;
			files = (
			);
			runOnlyForDeploymentPostprocessing = 0;
		};
		D8C3DF442BF9EAFF004BEE85 /* Frameworks */ = {
			isa = PBXFrameworksBuildPhase;
			buildActionMask = 2147483647;
			files = (
			);
			runOnlyForDeploymentPostprocessing = 0;
		};
		D8C3DF4E2BF9EAFF004BEE85 /* Frameworks */ = {
			isa = PBXFrameworksBuildPhase;
			buildActionMask = 2147483647;
			files = (
			);
			runOnlyForDeploymentPostprocessing = 0;
		};
/* End PBXFrameworksBuildPhase section */

/* Begin PBXGroup section */
		D80547AE2BFF47C90086EF19 /* General */ = {
			isa = PBXGroup;
			children = (
				D80547AF2BFF47F00086EF19 /* ProfileViewController.swift */,
			);
			path = General;
			sourceTree = "<group>";
		};
		D8C3DF282BF9EAFE004BEE85 = {
			isa = PBXGroup;
			children = (
				D8C3DF332BF9EAFE004BEE85 /* TwitterClone */,
				D8C3DF4A2BF9EAFF004BEE85 /* TwitterCloneTests */,
				D8C3DF542BF9EAFF004BEE85 /* TwitterCloneUITests */,
				D8C3DF322BF9EAFE004BEE85 /* Products */,
			);
			sourceTree = "<group>";
		};
		D8C3DF322BF9EAFE004BEE85 /* Products */ = {
			isa = PBXGroup;
			children = (
				D8C3DF312BF9EAFE004BEE85 /* TwitterClone.app */,
				D8C3DF472BF9EAFF004BEE85 /* TwitterCloneTests.xctest */,
				D8C3DF512BF9EAFF004BEE85 /* TwitterCloneUITests.xctest */,
			);
			name = Products;
			sourceTree = "<group>";
		};
		D8C3DF332BF9EAFE004BEE85 /* TwitterClone */ = {
			isa = PBXGroup;
			children = (
				D8C874E12BFB7BD100B2FE04 /* Views */,
				D8C3DF642BFA3E99004BEE85 /* Controllers */,
				D8C3DF342BF9EAFE004BEE85 /* AppDelegate.swift */,
				D8C3DF362BF9EAFE004BEE85 /* SceneDelegate.swift */,
				D8C3DF3D2BF9EAFF004BEE85 /* Assets.xcassets */,
				D8C3DF3F2BF9EAFF004BEE85 /* LaunchScreen.storyboard */,
				D8C3DF422BF9EAFF004BEE85 /* Info.plist */,
			);
			path = TwitterClone;
			sourceTree = "<group>";
		};
		D8C3DF4A2BF9EAFF004BEE85 /* TwitterCloneTests */ = {
			isa = PBXGroup;
			children = (
				D8C3DF4B2BF9EAFF004BEE85 /* TwitterCloneTests.swift */,
			);
			path = TwitterCloneTests;
			sourceTree = "<group>";
		};
		D8C3DF542BF9EAFF004BEE85 /* TwitterCloneUITests */ = {
			isa = PBXGroup;
			children = (
				D8C3DF552BF9EAFF004BEE85 /* TwitterCloneUITests.swift */,
				D8C3DF572BF9EAFF004BEE85 /* TwitterCloneUITestsLaunchTests.swift */,
			);
			path = TwitterCloneUITests;
			sourceTree = "<group>";
		};
		D8C3DF642BFA3E99004BEE85 /* Controllers */ = {
			isa = PBXGroup;
			children = (
				D80547AE2BFF47C90086EF19 /* General */,
				D8C3DF652BFA3ED3004BEE85 /* Core */,
			);
			path = Controllers;
			sourceTree = "<group>";
		};
		D8C3DF652BFA3ED3004BEE85 /* Core */ = {
			isa = PBXGroup;
			children = (
				D8C3DF382BF9EAFE004BEE85 /* MainTabbarViewController.swift */,
				D8C3DF662BFA3EFE004BEE85 /* HomeViewController.swift */,
				D8C3DF682BFA3F10004BEE85 /* SearchViewController.swift */,
				D8C3DF6A2BFA3F1F004BEE85 /* NotificationsViewController.swift */,
				D8C3DF6C2BFA3F2D004BEE85 /* DirectMessagesViewController.swift */,
			);
			path = Core;
			sourceTree = "<group>";
		};
		D8C874E12BFB7BD100B2FE04 /* Views */ = {
			isa = PBXGroup;
			children = (
				D8C874E42BFB7C3D00B2FE04 /* TweetTableViewCell.swift */,
			);
			path = Views;
			sourceTree = "<group>";
		};
/* End PBXGroup section */

/* Begin PBXNativeTarget section */
		D8C3DF302BF9EAFE004BEE85 /* TwitterClone */ = {
			isa = PBXNativeTarget;
			buildConfigurationList = D8C3DF5B2BF9EAFF004BEE85 /* Build configuration list for PBXNativeTarget "TwitterClone" */;
			buildPhases = (
				D8C3DF2D2BF9EAFE004BEE85 /* Sources */,
				D8C3DF2E2BF9EAFE004BEE85 /* Frameworks */,
				D8C3DF2F2BF9EAFE004BEE85 /* Resources */,
			);
			buildRules = (
			);
			dependencies = (
			);
			name = TwitterClone;
			productName = TwitterClone;
			productReference = D8C3DF312BF9EAFE004BEE85 /* TwitterClone.app */;
			productType = "com.apple.product-type.application";
		};
		D8C3DF462BF9EAFF004BEE85 /* TwitterCloneTests */ = {
			isa = PBXNativeTarget;
			buildConfigurationList = D8C3DF5E2BF9EAFF004BEE85 /* Build configuration list for PBXNativeTarget "TwitterCloneTests" */;
			buildPhases = (
				D8C3DF432BF9EAFF004BEE85 /* Sources */,
				D8C3DF442BF9EAFF004BEE85 /* Frameworks */,
				D8C3DF452BF9EAFF004BEE85 /* Resources */,
			);
			buildRules = (
			);
			dependencies = (
				D8C3DF492BF9EAFF004BEE85 /* PBXTargetDependency */,
			);
			name = TwitterCloneTests;
			productName = TwitterCloneTests;
			productReference = D8C3DF472BF9EAFF004BEE85 /* TwitterCloneTests.xctest */;
			productType = "com.apple.product-type.bundle.unit-test";
		};
		D8C3DF502BF9EAFF004BEE85 /* TwitterCloneUITests */ = {
			isa = PBXNativeTarget;
			buildConfigurationList = D8C3DF612BF9EAFF004BEE85 /* Build configuration list for PBXNativeTarget "TwitterCloneUITests" */;
			buildPhases = (
				D8C3DF4D2BF9EAFF004BEE85 /* Sources */,
				D8C3DF4E2BF9EAFF004BEE85 /* Frameworks */,
				D8C3DF4F2BF9EAFF004BEE85 /* Resources */,
			);
			buildRules = (
			);
			dependencies = (
				D8C3DF532BF9EAFF004BEE85 /* PBXTargetDependency */,
			);
			name = TwitterCloneUITests;
			productName = TwitterCloneUITests;
			productReference = D8C3DF512BF9EAFF004BEE85 /* TwitterCloneUITests.xctest */;
			productType = "com.apple.product-type.bundle.ui-testing";
		};
/* End PBXNativeTarget section */

/* Begin PBXProject section */
		D8C3DF292BF9EAFE004BEE85 /* Project object */ = {
			isa = PBXProject;
			attributes = {
				BuildIndependentTargetsInParallel = 1;
				LastSwiftUpdateCheck = 1540;
				LastUpgradeCheck = 1540;
				TargetAttributes = {
					D8C3DF302BF9EAFE004BEE85 = {
						CreatedOnToolsVersion = 15.4;
					};
					D8C3DF462BF9EAFF004BEE85 = {
						CreatedOnToolsVersion = 15.4;
						TestTargetID = D8C3DF302BF9EAFE004BEE85;
					};
					D8C3DF502BF9EAFF004BEE85 = {
						CreatedOnToolsVersion = 15.4;
						TestTargetID = D8C3DF302BF9EAFE004BEE85;
					};
				};
			};
			buildConfigurationList = D8C3DF2C2BF9EAFE004BEE85 /* Build configuration list for PBXProject "TwitterClone" */;
			compatibilityVersion = "Xcode 14.0";
			developmentRegion = en;
			hasScannedForEncodings = 0;
			knownRegions = (
				en,
				Base,
			);
			mainGroup = D8C3DF282BF9EAFE004BEE85;
			productRefGroup = D8C3DF322BF9EAFE004BEE85 /* Products */;
			projectDirPath = "";
			projectRoot = "";
			targets = (
				D8C3DF302BF9EAFE004BEE85 /* TwitterClone */,
				D8C3DF462BF9EAFF004BEE85 /* TwitterCloneTests */,
				D8C3DF502BF9EAFF004BEE85 /* TwitterCloneUITests */,
			);
		};
/* End PBXProject section */

/* Begin PBXResourcesBuildPhase section */
		D8C3DF2F2BF9EAFE004BEE85 /* Resources */ = {
			isa = PBXResourcesBuildPhase;
			buildActionMask = 2147483647;
			files = (
				D8C3DF3E2BF9EAFF004BEE85 /* Assets.xcassets in Resources */,
				D8C3DF412BF9EAFF004BEE85 /* Base in Resources */,
			);
			runOnlyForDeploymentPostprocessing = 0;
		};
		D8C3DF452BF9EAFF004BEE85 /* Resources */ = {
			isa = PBXResourcesBuildPhase;
			buildActionMask = 2147483647;
			files = (
			);
			runOnlyForDeploymentPostprocessing = 0;
		};
		D8C3DF4F2BF9EAFF004BEE85 /* Resources */ = {
			isa = PBXResourcesBuildPhase;
			buildActionMask = 2147483647;
			files = (
			);
			runOnlyForDeploymentPostprocessing = 0;
		};
/* End PBXResourcesBuildPhase section */

/* Begin PBXSourcesBuildPhase section */
		D8C3DF2D2BF9EAFE004BEE85 /* Sources */ = {
			isa = PBXSourcesBuildPhase;
			buildActionMask = 2147483647;
			files = (
				D8C3DF692BFA3F10004BEE85 /* SearchViewController.swift in Sources */,
				D8C3DF392BF9EAFE004BEE85 /* MainTabbarViewController.swift in Sources */,
				D8C3DF352BF9EAFE004BEE85 /* AppDelegate.swift in Sources */,
				D8C3DF6B2BFA3F1F004BEE85 /* NotificationsViewController.swift in Sources */,
				D8C3DF372BF9EAFE004BEE85 /* SceneDelegate.swift in Sources */,
				D8C3DF672BFA3EFE004BEE85 /* HomeViewController.swift in Sources */,
				D80547B02BFF47F00086EF19 /* ProfileViewController.swift in Sources */,
				D8C3DF6D2BFA3F2D004BEE85 /* DirectMessagesViewController.swift in Sources */,
				D8C874E52BFB7C3D00B2FE04 /* TweetTableViewCell.swift in Sources */,
			);
			runOnlyForDeploymentPostprocessing = 0;
		};
		D8C3DF432BF9EAFF004BEE85 /* Sources */ = {
			isa = PBXSourcesBuildPhase;
			buildActionMask = 2147483647;
			files = (
				D8C3DF4C2BF9EAFF004BEE85 /* TwitterCloneTests.swift in Sources */,
			);
			runOnlyForDeploymentPostprocessing = 0;
		};
		D8C3DF4D2BF9EAFF004BEE85 /* Sources */ = {
			isa = PBXSourcesBuildPhase;
			buildActionMask = 2147483647;
			files = (
				D8C3DF582BF9EAFF004BEE85 /* TwitterCloneUITestsLaunchTests.swift in Sources */,
				D8C3DF562BF9EAFF004BEE85 /* TwitterCloneUITests.swift in Sources */,
			);
			runOnlyForDeploymentPostprocessing = 0;
		};
/* End PBXSourcesBuildPhase section */

/* Begin PBXTargetDependency section */
		D8C3DF492BF9EAFF004BEE85 /* PBXTargetDependency */ = {
			isa = PBXTargetDependency;
			target = D8C3DF302BF9EAFE004BEE85 /* TwitterClone */;
			targetProxy = D8C3DF482BF9EAFF004BEE85 /* PBXContainerItemProxy */;
		};
		D8C3DF532BF9EAFF004BEE85 /* PBXTargetDependency */ = {
			isa = PBXTargetDependency;
			target = D8C3DF302BF9EAFE004BEE85 /* TwitterClone */;
			targetProxy = D8C3DF522BF9EAFF004BEE85 /* PBXContainerItemProxy */;
		};
/* End PBXTargetDependency section */

/* Begin PBXVariantGroup section */
		D8C3DF3F2BF9EAFF004BEE85 /* LaunchScreen.storyboard */ = {
			isa = PBXVariantGroup;
			children = (
				D8C3DF402BF9EAFF004BEE85 /* Base */,
			);
			name = LaunchScreen.storyboard;
			sourceTree = "<group>";
		};
/* End PBXVariantGroup section */

/* Begin XCBuildConfiguration section */
		D8C3DF592BF9EAFF004BEE85 /* Debug */ = {
			isa = XCBuildConfiguration;
			buildSettings = {
				ALWAYS_SEARCH_USER_PATHS = NO;
				ASSETCATALOG_COMPILER_GENERATE_SWIFT_ASSET_SYMBOL_EXTENSIONS = YES;
				CLANG_ANALYZER_NONNULL = YES;
				CLANG_ANALYZER_NUMBER_OBJECT_CONVERSION = YES_AGGRESSIVE;
				CLANG_CXX_LANGUAGE_STANDARD = "gnu++20";
				CLANG_ENABLE_MODULES = YES;
				CLANG_ENABLE_OBJC_ARC = YES;
				CLANG_ENABLE_OBJC_WEAK = YES;
				CLANG_WARN_BLOCK_CAPTURE_AUTORELEASING = YES;
				CLANG_WARN_BOOL_CONVERSION = YES;
				CLANG_WARN_COMMA = YES;
				CLANG_WARN_CONSTANT_CONVERSION = YES;
				CLANG_WARN_DEPRECATED_OBJC_IMPLEMENTATIONS = YES;
				CLANG_WARN_DIRECT_OBJC_ISA_USAGE = YES_ERROR;
				CLANG_WARN_DOCUMENTATION_COMMENTS = YES;
				CLANG_WARN_EMPTY_BODY = YES;
				CLANG_WARN_ENUM_CONVERSION = YES;
				CLANG_WARN_INFINITE_RECURSION = YES;
				CLANG_WARN_INT_CONVERSION = YES;
				CLANG_WARN_NON_LITERAL_NULL_CONVERSION = YES;
				CLANG_WARN_OBJC_IMPLICIT_RETAIN_SELF = YES;
				CLANG_WARN_OBJC_LITERAL_CONVERSION = YES;
				CLANG_WARN_OBJC_ROOT_CLASS = YES_ERROR;
				CLANG_WARN_QUOTED_INCLUDE_IN_FRAMEWORK_HEADER = YES;
				CLANG_WARN_RANGE_LOOP_ANALYSIS = YES;
				CLANG_WARN_STRICT_PROTOTYPES = YES;
				CLANG_WARN_SUSPICIOUS_MOVE = YES;
				CLANG_WARN_UNGUARDED_AVAILABILITY = YES_AGGRESSIVE;
				CLANG_WARN_UNREACHABLE_CODE = YES;
				CLANG_WARN__DUPLICATE_METHOD_MATCH = YES;
				COPY_PHASE_STRIP = NO;
				DEBUG_INFORMATION_FORMAT = dwarf;
				ENABLE_STRICT_OBJC_MSGSEND = YES;
				ENABLE_TESTABILITY = YES;
				ENABLE_USER_SCRIPT_SANDBOXING = YES;
				GCC_C_LANGUAGE_STANDARD = gnu17;
				GCC_DYNAMIC_NO_PIC = NO;
				GCC_NO_COMMON_BLOCKS = YES;
				GCC_OPTIMIZATION_LEVEL = 0;
				GCC_PREPROCESSOR_DEFINITIONS = (
					"DEBUG=1",
					"$(inherited)",
				);
				GCC_WARN_64_TO_32_BIT_CONVERSION = YES;
				GCC_WARN_ABOUT_RETURN_TYPE = YES_ERROR;
				GCC_WARN_UNDECLARED_SELECTOR = YES;
				GCC_WARN_UNINITIALIZED_AUTOS = YES_AGGRESSIVE;
				GCC_WARN_UNUSED_FUNCTION = YES;
				GCC_WARN_UNUSED_VARIABLE = YES;
				IPHONEOS_DEPLOYMENT_TARGET = 17.5;
				LOCALIZATION_PREFERS_STRING_CATALOGS = YES;
				MTL_ENABLE_DEBUG_INFO = INCLUDE_SOURCE;
				MTL_FAST_MATH = YES;
				ONLY_ACTIVE_ARCH = YES;
				SDKROOT = iphoneos;
				SWIFT_ACTIVE_COMPILATION_CONDITIONS = "DEBUG $(inherited)";
				SWIFT_OPTIMIZATION_LEVEL = "-Onone";
			};
			name = Debug;
		};
		D8C3DF5A2BF9EAFF004BEE85 /* Release */ = {
			isa = XCBuildConfiguration;
			buildSettings = {
				ALWAYS_SEARCH_USER_PATHS = NO;
				ASSETCATALOG_COMPILER_GENERATE_SWIFT_ASSET_SYMBOL_EXTENSIONS = YES;
				CLANG_ANALYZER_NONNULL = YES;
				CLANG_ANALYZER_NUMBER_OBJECT_CONVERSION = YES_AGGRESSIVE;
				CLANG_CXX_LANGUAGE_STANDARD = "gnu++20";
				CLANG_ENABLE_MODULES = YES;
				CLANG_ENABLE_OBJC_ARC = YES;
				CLANG_ENABLE_OBJC_WEAK = YES;
				CLANG_WARN_BLOCK_CAPTURE_AUTORELEASING = YES;
				CLANG_WARN_BOOL_CONVERSION = YES;
				CLANG_WARN_COMMA = YES;
				CLANG_WARN_CONSTANT_CONVERSION = YES;
				CLANG_WARN_DEPRECATED_OBJC_IMPLEMENTATIONS = YES;
				CLANG_WARN_DIRECT_OBJC_ISA_USAGE = YES_ERROR;
				CLANG_WARN_DOCUMENTATION_COMMENTS = YES;
				CLANG_WARN_EMPTY_BODY = YES;
				CLANG_WARN_ENUM_CONVERSION = YES;
				CLANG_WARN_INFINITE_RECURSION = YES;
				CLANG_WARN_INT_CONVERSION = YES;
				CLANG_WARN_NON_LITERAL_NULL_CONVERSION = YES;
				CLANG_WARN_OBJC_IMPLICIT_RETAIN_SELF = YES;
				CLANG_WARN_OBJC_LITERAL_CONVERSION = YES;
				CLANG_WARN_OBJC_ROOT_CLASS = YES_ERROR;
				CLANG_WARN_QUOTED_INCLUDE_IN_FRAMEWORK_HEADER = YES;
				CLANG_WARN_RANGE_LOOP_ANALYSIS = YES;
				CLANG_WARN_STRICT_PROTOTYPES = YES;
				CLANG_WARN_SUSPICIOUS_MOVE = YES;
				CLANG_WARN_UNGUARDED_AVAILABILITY = YES_AGGRESSIVE;
				CLANG_WARN_UNREACHABLE_CODE = YES;
				CLANG_WARN__DUPLICATE_METHOD_MATCH = YES;
				COPY_PHASE_STRIP = NO;
				DEBUG_INFORMATION_FORMAT = "dwarf-with-dsym";
				ENABLE_NS_ASSERTIONS = NO;
				ENABLE_STRICT_OBJC_MSGSEND = YES;
				ENABLE_USER_SCRIPT_SANDBOXING = YES;
				GCC_C_LANGUAGE_STANDARD = gnu17;
				GCC_NO_COMMON_BLOCKS = YES;
				GCC_WARN_64_TO_32_BIT_CONVERSION = YES;
				GCC_WARN_ABOUT_RETURN_TYPE = YES_ERROR;
				GCC_WARN_UNDECLARED_SELECTOR = YES;
				GCC_WARN_UNINITIALIZED_AUTOS = YES_AGGRESSIVE;
				GCC_WARN_UNUSED_FUNCTION = YES;
				GCC_WARN_UNUSED_VARIABLE = YES;
				IPHONEOS_DEPLOYMENT_TARGET = 17.5;
				LOCALIZATION_PREFERS_STRING_CATALOGS = YES;
				MTL_ENABLE_DEBUG_INFO = NO;
				MTL_FAST_MATH = YES;
				SDKROOT = iphoneos;
				SWIFT_COMPILATION_MODE = wholemodule;
				VALIDATE_PRODUCT = YES;
			};
			name = Release;
		};
		D8C3DF5C2BF9EAFF004BEE85 /* Debug */ = {
			isa = XCBuildConfiguration;
			buildSettings = {
				ASSETCATALOG_COMPILER_APPICON_NAME = AppIcon;
				ASSETCATALOG_COMPILER_GLOBAL_ACCENT_COLOR_NAME = AccentColor;
				CODE_SIGN_STYLE = Automatic;
				CURRENT_PROJECT_VERSION = 1;
				DEVELOPMENT_TEAM = SHJNDB9UAX;
				GENERATE_INFOPLIST_FILE = YES;
				INFOPLIST_FILE = TwitterClone/Info.plist;
				INFOPLIST_KEY_UIApplicationSupportsIndirectInputEvents = YES;
				INFOPLIST_KEY_UILaunchStoryboardName = LaunchScreen;
				INFOPLIST_KEY_UISupportedInterfaceOrientations_iPad = "UIInterfaceOrientationPortrait UIInterfaceOrientationPortraitUpsideDown UIInterfaceOrientationLandscapeLeft UIInterfaceOrientationLandscapeRight";
				INFOPLIST_KEY_UISupportedInterfaceOrientations_iPhone = "UIInterfaceOrientationPortrait UIInterfaceOrientationLandscapeLeft UIInterfaceOrientationLandscapeRight";
				LD_RUNPATH_SEARCH_PATHS = (
					"$(inherited)",
					"@executable_path/Frameworks",
				);
				MARKETING_VERSION = 1.0;
				PRODUCT_BUNDLE_IDENTIFIER = com.sunho.TwitterClone;
				PRODUCT_NAME = "$(TARGET_NAME)";
				SWIFT_EMIT_LOC_STRINGS = YES;
				SWIFT_VERSION = 5.0;
				TARGETED_DEVICE_FAMILY = "1,2";
			};
			name = Debug;
		};
		D8C3DF5D2BF9EAFF004BEE85 /* Release */ = {
			isa = XCBuildConfiguration;
			buildSettings = {
				ASSETCATALOG_COMPILER_APPICON_NAME = AppIcon;
				ASSETCATALOG_COMPILER_GLOBAL_ACCENT_COLOR_NAME = AccentColor;
				CODE_SIGN_STYLE = Automatic;
				CURRENT_PROJECT_VERSION = 1;
				DEVELOPMENT_TEAM = SHJNDB9UAX;
				GENERATE_INFOPLIST_FILE = YES;
				INFOPLIST_FILE = TwitterClone/Info.plist;
				INFOPLIST_KEY_UIApplicationSupportsIndirectInputEvents = YES;
				INFOPLIST_KEY_UILaunchStoryboardName = LaunchScreen;
				INFOPLIST_KEY_UISupportedInterfaceOrientations_iPad = "UIInterfaceOrientationPortrait UIInterfaceOrientationPortraitUpsideDown UIInterfaceOrientationLandscapeLeft UIInterfaceOrientationLandscapeRight";
				INFOPLIST_KEY_UISupportedInterfaceOrientations_iPhone = "UIInterfaceOrientationPortrait UIInterfaceOrientationLandscapeLeft UIInterfaceOrientationLandscapeRight";
				LD_RUNPATH_SEARCH_PATHS = (
					"$(inherited)",
					"@executable_path/Frameworks",
				);
				MARKETING_VERSION = 1.0;
				PRODUCT_BUNDLE_IDENTIFIER = com.sunho.TwitterClone;
				PRODUCT_NAME = "$(TARGET_NAME)";
				SWIFT_EMIT_LOC_STRINGS = YES;
				SWIFT_VERSION = 5.0;
				TARGETED_DEVICE_FAMILY = "1,2";
			};
			name = Release;
		};
		D8C3DF5F2BF9EAFF004BEE85 /* Debug */ = {
			isa = XCBuildConfiguration;
			buildSettings = {
				ALWAYS_EMBED_SWIFT_STANDARD_LIBRARIES = YES;
				BUNDLE_LOADER = "$(TEST_HOST)";
				CODE_SIGN_STYLE = Automatic;
				CURRENT_PROJECT_VERSION = 1;
				DEVELOPMENT_TEAM = SHJNDB9UAX;
				GENERATE_INFOPLIST_FILE = YES;
				IPHONEOS_DEPLOYMENT_TARGET = 17.5;
				MARKETING_VERSION = 1.0;
				PRODUCT_BUNDLE_IDENTIFIER = com.sunho.TwitterCloneTests;
				PRODUCT_NAME = "$(TARGET_NAME)";
				SWIFT_EMIT_LOC_STRINGS = NO;
				SWIFT_VERSION = 5.0;
				TARGETED_DEVICE_FAMILY = "1,2";
				TEST_HOST = "$(BUILT_PRODUCTS_DIR)/TwitterClone.app/$(BUNDLE_EXECUTABLE_FOLDER_PATH)/TwitterClone";
			};
			name = Debug;
		};
		D8C3DF602BF9EAFF004BEE85 /* Release */ = {
			isa = XCBuildConfiguration;
			buildSettings = {
				ALWAYS_EMBED_SWIFT_STANDARD_LIBRARIES = YES;
				BUNDLE_LOADER = "$(TEST_HOST)";
				CODE_SIGN_STYLE = Automatic;
				CURRENT_PROJECT_VERSION = 1;
				DEVELOPMENT_TEAM = SHJNDB9UAX;
				GENERATE_INFOPLIST_FILE = YES;
				IPHONEOS_DEPLOYMENT_TARGET = 17.5;
				MARKETING_VERSION = 1.0;
				PRODUCT_BUNDLE_IDENTIFIER = com.sunho.TwitterCloneTests;
				PRODUCT_NAME = "$(TARGET_NAME)";
				SWIFT_EMIT_LOC_STRINGS = NO;
				SWIFT_VERSION = 5.0;
				TARGETED_DEVICE_FAMILY = "1,2";
				TEST_HOST = "$(BUILT_PRODUCTS_DIR)/TwitterClone.app/$(BUNDLE_EXECUTABLE_FOLDER_PATH)/TwitterClone";
			};
			name = Release;
		};
		D8C3DF622BF9EAFF004BEE85 /* Debug */ = {
			isa = XCBuildConfiguration;
			buildSettings = {
				ALWAYS_EMBED_SWIFT_STANDARD_LIBRARIES = YES;
				CODE_SIGN_STYLE = Automatic;
				CURRENT_PROJECT_VERSION = 1;
				DEVELOPMENT_TEAM = SHJNDB9UAX;
				GENERATE_INFOPLIST_FILE = YES;
				MARKETING_VERSION = 1.0;
				PRODUCT_BUNDLE_IDENTIFIER = com.sunho.TwitterCloneUITests;
				PRODUCT_NAME = "$(TARGET_NAME)";
				SWIFT_EMIT_LOC_STRINGS = NO;
				SWIFT_VERSION = 5.0;
				TARGETED_DEVICE_FAMILY = "1,2";
				TEST_TARGET_NAME = TwitterClone;
			};
			name = Debug;
		};
		D8C3DF632BF9EAFF004BEE85 /* Release */ = {
			isa = XCBuildConfiguration;
			buildSettings = {
				ALWAYS_EMBED_SWIFT_STANDARD_LIBRARIES = YES;
				CODE_SIGN_STYLE = Automatic;
				CURRENT_PROJECT_VERSION = 1;
				DEVELOPMENT_TEAM = SHJNDB9UAX;
				GENERATE_INFOPLIST_FILE = YES;
				MARKETING_VERSION = 1.0;
				PRODUCT_BUNDLE_IDENTIFIER = com.sunho.TwitterCloneUITests;
				PRODUCT_NAME = "$(TARGET_NAME)";
				SWIFT_EMIT_LOC_STRINGS = NO;
				SWIFT_VERSION = 5.0;
				TARGETED_DEVICE_FAMILY = "1,2";
				TEST_TARGET_NAME = TwitterClone;
			};
			name = Release;
		};
/* End XCBuildConfiguration section */

/* Begin XCConfigurationList section */
		D8C3DF2C2BF9EAFE004BEE85 /* Build configuration list for PBXProject "TwitterClone" */ = {
			isa = XCConfigurationList;
			buildConfigurations = (
				D8C3DF592BF9EAFF004BEE85 /* Debug */,
				D8C3DF5A2BF9EAFF004BEE85 /* Release */,
			);
			defaultConfigurationIsVisible = 0;
			defaultConfigurationName = Release;
		};
		D8C3DF5B2BF9EAFF004BEE85 /* Build configuration list for PBXNativeTarget "TwitterClone" */ = {
			isa = XCConfigurationList;
			buildConfigurations = (
				D8C3DF5C2BF9EAFF004BEE85 /* Debug */,
				D8C3DF5D2BF9EAFF004BEE85 /* Release */,
			);
			defaultConfigurationIsVisible = 0;
			defaultConfigurationName = Release;
		};
		D8C3DF5E2BF9EAFF004BEE85 /* Build configuration list for PBXNativeTarget "TwitterCloneTests" */ = {
			isa = XCConfigurationList;
			buildConfigurations = (
				D8C3DF5F2BF9EAFF004BEE85 /* Debug */,
				D8C3DF602BF9EAFF004BEE85 /* Release */,
			);
			defaultConfigurationIsVisible = 0;
			defaultConfigurationName = Release;
		};
		D8C3DF612BF9EAFF004BEE85 /* Build configuration list for PBXNativeTarget "TwitterCloneUITests" */ = {
			isa = XCConfigurationList;
			buildConfigurations = (
				D8C3DF622BF9EAFF004BEE85 /* Debug */,
				D8C3DF632BF9EAFF004BEE85 /* Release */,
			);
			defaultConfigurationIsVisible = 0;
			defaultConfigurationName = Release;
		};
/* End XCConfigurationList section */
	};
	rootObject = D8C3DF292BF9EAFE004BEE85 /* Project object */;
}
